
Microsoft Visual Studio Solution File, Format Version 12.00
# Visual Studio Version 16
VisualStudioVersion = 16.0.30114.105
MinimumVisualStudioVersion = 10.0.40219.1
Project("{2150E333-8FDC-42A3-9474-1A3956D46DE8}") = "src", "src", "{0390BA2F-F98B-47C8-9097-BF2BFC7D51E2}"
	ProjectSection(SolutionItems) = preProject
		src\Directory.Build.props = src\Directory.Build.props
		src\Directory.Build.targets = src\Directory.Build.targets
	EndProjectSection
EndProject
Project("{2150E333-8FDC-42A3-9474-1A3956D46DE8}") = "AspNetCore", "AspNetCore", "{F5D21AE1-F108-407D-B662-5592E0000333}"
EndProject
Project("{2150E333-8FDC-42A3-9474-1A3956D46DE8}") = "Components", "Components", "{3D8B370D-F7C5-4674-B248-88E5E72A965D}"
EndProject
Project("{9A19103F-16F7-4668-BE54-9A1E7A4F7556}") = "Bizstream.Kentico.Xperience.AspNetCore.Components", "src\AspNetCore\Components\src\Bizstream.Kentico.Xperience.AspNetCore.Components.csproj", "{4C1546EE-5FEE-48B2-9751-BE2B5709179D}"
EndProject
Project("{2150E333-8FDC-42A3-9474-1A3956D46DE8}") = "Metadata", "Metadata", "{95D0BD14-E356-4E27-9E34-C5852B3D60FA}"
EndProject
Project("{9A19103F-16F7-4668-BE54-9A1E7A4F7556}") = "Bizstream.Kentico.Xperience.AspNetCore.Components.Metadata", "src\AspNetCore\Metadata\src\Bizstream.Kentico.Xperience.AspNetCore.Components.Metadata.csproj", "{BCC2CABB-D330-4747-8AB1-CD6CB22C6B30}"
EndProject
Global
	GlobalSection(SolutionConfigurationPlatforms) = preSolution
		Debug|Any CPU = Debug|Any CPU
		Debug|x64 = Debug|x64
		Debug|x86 = Debug|x86
		Release|Any CPU = Release|Any CPU
		Release|x64 = Release|x64
		Release|x86 = Release|x86
	EndGlobalSection
	GlobalSection(ProjectConfigurationPlatforms) = postSolution
		{4C1546EE-5FEE-48B2-9751-BE2B5709179D}.Debug|Any CPU.ActiveCfg = Debug|Any CPU
		{4C1546EE-5FEE-48B2-9751-BE2B5709179D}.Debug|Any CPU.Build.0 = Debug|Any CPU
		{4C1546EE-5FEE-48B2-9751-BE2B5709179D}.Debug|x64.ActiveCfg = Debug|Any CPU
		{4C1546EE-5FEE-48B2-9751-BE2B5709179D}.Debug|x64.Build.0 = Debug|Any CPU
		{4C1546EE-5FEE-48B2-9751-BE2B5709179D}.Debug|x86.ActiveCfg = Debug|Any CPU
		{4C1546EE-5FEE-48B2-9751-BE2B5709179D}.Debug|x86.Build.0 = Debug|Any CPU
		{4C1546EE-5FEE-48B2-9751-BE2B5709179D}.Release|Any CPU.ActiveCfg = Release|Any CPU
		{4C1546EE-5FEE-48B2-9751-BE2B5709179D}.Release|Any CPU.Build.0 = Release|Any CPU
		{4C1546EE-5FEE-48B2-9751-BE2B5709179D}.Release|x64.ActiveCfg = Release|Any CPU
		{4C1546EE-5FEE-48B2-9751-BE2B5709179D}.Release|x64.Build.0 = Release|Any CPU
		{4C1546EE-5FEE-48B2-9751-BE2B5709179D}.Release|x86.ActiveCfg = Release|Any CPU
		{4C1546EE-5FEE-48B2-9751-BE2B5709179D}.Release|x86.Build.0 = Release|Any CPU
		{BCC2CABB-D330-4747-8AB1-CD6CB22C6B30}.Debug|Any CPU.ActiveCfg = Debug|Any CPU
		{BCC2CABB-D330-4747-8AB1-CD6CB22C6B30}.Debug|Any CPU.Build.0 = Debug|Any CPU
		{BCC2CABB-D330-4747-8AB1-CD6CB22C6B30}.Debug|x64.ActiveCfg = Debug|Any CPU
		{BCC2CABB-D330-4747-8AB1-CD6CB22C6B30}.Debug|x64.Build.0 = Debug|Any CPU
		{BCC2CABB-D330-4747-8AB1-CD6CB22C6B30}.Debug|x86.ActiveCfg = Debug|Any CPU
		{BCC2CABB-D330-4747-8AB1-CD6CB22C6B30}.Debug|x86.Build.0 = Debug|Any CPU
		{BCC2CABB-D330-4747-8AB1-CD6CB22C6B30}.Release|Any CPU.ActiveCfg = Release|Any CPU
		{BCC2CABB-D330-4747-8AB1-CD6CB22C6B30}.Release|Any CPU.Build.0 = Release|Any CPU
		{BCC2CABB-D330-4747-8AB1-CD6CB22C6B30}.Release|x64.ActiveCfg = Release|Any CPU
		{BCC2CABB-D330-4747-8AB1-CD6CB22C6B30}.Release|x64.Build.0 = Release|Any CPU
		{BCC2CABB-D330-4747-8AB1-CD6CB22C6B30}.Release|x86.ActiveCfg = Release|Any CPU
		{BCC2CABB-D330-4747-8AB1-CD6CB22C6B30}.Release|x86.Build.0 = Release|Any CPU
	EndGlobalSection
	GlobalSection(SolutionProperties) = preSolution
		HideSolutionNode = FALSE
	EndGlobalSection
	GlobalSection(NestedProjects) = preSolution
		{F5D21AE1-F108-407D-B662-5592E0000333} = {0390BA2F-F98B-47C8-9097-BF2BFC7D51E2}
		{3D8B370D-F7C5-4674-B248-88E5E72A965D} = {F5D21AE1-F108-407D-B662-5592E0000333}
		{4C1546EE-5FEE-48B2-9751-BE2B5709179D} = {3D8B370D-F7C5-4674-B248-88E5E72A965D}
		{95D0BD14-E356-4E27-9E34-C5852B3D60FA} = {F5D21AE1-F108-407D-B662-5592E0000333}
		{BCC2CABB-D330-4747-8AB1-CD6CB22C6B30} = {95D0BD14-E356-4E27-9E34-C5852B3D60FA}
	EndGlobalSection
	GlobalSection(ExtensibilityGlobals) = postSolution
		SolutionGuid = {4B472B06-F657-470A-9883-5FFEDC07BB7A}
	EndGlobalSection
EndGlobal
